// !$*UTF8*$!
{
	archiveVersion = 1;
	classes = {
	};
	objectVersion = 51;
	objects = {

/* Begin PBXBuildFile section */
		203BC3578BB8F833A7F06450 /* Pods_VIPER.framework in Frameworks */ = {isa = PBXBuildFile; fileRef = 2E5474CF998D87699EEC42AC /* Pods_VIPER.framework */; };
		DC4B37EF264E59990050E3A1 /* QuotesDetailProtocol.swift in Sources */ = {isa = PBXBuildFile; fileRef = DC4B37EE264E59990050E3A1 /* QuotesDetailProtocol.swift */; };
		DC4B37F1264E5A980050E3A1 /* QuotesDetailPresenter.swift in Sources */ = {isa = PBXBuildFile; fileRef = DC4B37F0264E5A980050E3A1 /* QuotesDetailPresenter.swift */; };
		DC4B37F3264E5AAB0050E3A1 /* QuotedDetailInteractor.swift in Sources */ = {isa = PBXBuildFile; fileRef = DC4B37F2264E5AAB0050E3A1 /* QuotedDetailInteractor.swift */; };
		DC4B37F5264E5ABA0050E3A1 /* QuotesDetailViewController.swift in Sources */ = {isa = PBXBuildFile; fileRef = DC4B37F4264E5ABA0050E3A1 /* QuotesDetailViewController.swift */; };
		DC4B37F7264E5AC90050E3A1 /* QuoteDetailRouter.swift in Sources */ = {isa = PBXBuildFile; fileRef = DC4B37F6264E5AC90050E3A1 /* QuoteDetailRouter.swift */; };
		DC4B37F9264E9E220050E3A1 /* ImageService.swift in Sources */ = {isa = PBXBuildFile; fileRef = DC4B37F8264E9E220050E3A1 /* ImageService.swift */; };
		DC5748FD264D6BA0008CBCC7 /* QuotesRouter.swift in Sources */ = {isa = PBXBuildFile; fileRef = DC5748FC264D6BA0008CBCC7 /* QuotesRouter.swift */; };
		DC5748FF264D703F008CBCC7 /* QuotesPresenter.swift in Sources */ = {isa = PBXBuildFile; fileRef = DC5748FE264D703F008CBCC7 /* QuotesPresenter.swift */; };
		DC574901264D704D008CBCC7 /* QuotesInteractor.swift in Sources */ = {isa = PBXBuildFile; fileRef = DC574900264D704D008CBCC7 /* QuotesInteractor.swift */; };
		DC574905264D7196008CBCC7 /* QuoteService.swift in Sources */ = {isa = PBXBuildFile; fileRef = DC574904264D7196008CBCC7 /* QuoteService.swift */; };
		DC574908264D71D5008CBCC7 /* APIManager.swift in Sources */ = {isa = PBXBuildFile; fileRef = DC574907264D71D5008CBCC7 /* APIManager.swift */; };
		DC57490A264D71E4008CBCC7 /* APIClients.swift in Sources */ = {isa = PBXBuildFile; fileRef = DC574909264D71E4008CBCC7 /* APIClients.swift */; };
		DC87A903264CCFD300E77E5F /* AppDelegate.swift in Sources */ = {isa = PBXBuildFile; fileRef = DC87A902264CCFD300E77E5F /* AppDelegate.swift */; };
		DC87A907264CCFD300E77E5F /* QuotesViewController.swift in Sources */ = {isa = PBXBuildFile; fileRef = DC87A906264CCFD300E77E5F /* QuotesViewController.swift */; };
		DC87A90A264CCFD300E77E5F /* Main.storyboard in Resources */ = {isa = PBXBuildFile; fileRef = DC87A908264CCFD300E77E5F /* Main.storyboard */; };
		DC87A90C264CCFD500E77E5F /* Assets.xcassets in Resources */ = {isa = PBXBuildFile; fileRef = DC87A90B264CCFD500E77E5F /* Assets.xcassets */; };
		DC87A90F264CCFD500E77E5F /* LaunchScreen.storyboard in Resources */ = {isa = PBXBuildFile; fileRef = DC87A90D264CCFD500E77E5F /* LaunchScreen.storyboard */; };
		DC87A91A264CCFD500E77E5F /* VIPERTests.swift in Sources */ = {isa = PBXBuildFile; fileRef = DC87A919264CCFD500E77E5F /* VIPERTests.swift */; };
		DC87A925264CCFD500E77E5F /* VIPERUITests.swift in Sources */ = {isa = PBXBuildFile; fileRef = DC87A924264CCFD500E77E5F /* VIPERUITests.swift */; };
		DC87A936264CD2C900E77E5F /* QuotesProtocols.swift in Sources */ = {isa = PBXBuildFile; fileRef = DC87A935264CD2C900E77E5F /* QuotesProtocols.swift */; };
		DC87A938264CD38D00E77E5F /* QuoteEntity.swift in Sources */ = {isa = PBXBuildFile; fileRef = DC87A937264CD38D00E77E5F /* QuoteEntity.swift */; };
/* End PBXBuildFile section */

/* Begin PBXContainerItemProxy section */
		DC87A916264CCFD500E77E5F /* PBXContainerItemProxy */ = {
			isa = PBXContainerItemProxy;
			containerPortal = DC87A8F7264CCFD300E77E5F /* Project object */;
			proxyType = 1;
			remoteGlobalIDString = DC87A8FE264CCFD300E77E5F;
			remoteInfo = VIPER;
		};
		DC87A921264CCFD500E77E5F /* PBXContainerItemProxy */ = {
			isa = PBXContainerItemProxy;
			containerPortal = DC87A8F7264CCFD300E77E5F /* Project object */;
			proxyType = 1;
			remoteGlobalIDString = DC87A8FE264CCFD300E77E5F;
			remoteInfo = VIPER;
		};
/* End PBXContainerItemProxy section */

/* Begin PBXFileReference section */
		2E5474CF998D87699EEC42AC /* Pods_VIPER.framework */ = {isa = PBXFileReference; explicitFileType = wrapper.framework; includeInIndex = 0; path = Pods_VIPER.framework; sourceTree = BUILT_PRODUCTS_DIR; };
		3AA23679191F64AC4BE59CA1 /* Pods-VIPER.release.xcconfig */ = {isa = PBXFileReference; includeInIndex = 1; lastKnownFileType = text.xcconfig; name = "Pods-VIPER.release.xcconfig"; path = "Target Support Files/Pods-VIPER/Pods-VIPER.release.xcconfig"; sourceTree = "<group>"; };
		4601219F5E88157715BDB8CA /* Pods-VIPER.debug.xcconfig */ = {isa = PBXFileReference; includeInIndex = 1; lastKnownFileType = text.xcconfig; name = "Pods-VIPER.debug.xcconfig"; path = "Target Support Files/Pods-VIPER/Pods-VIPER.debug.xcconfig"; sourceTree = "<group>"; };
		DC4B37EE264E59990050E3A1 /* QuotesDetailProtocol.swift */ = {isa = PBXFileReference; lastKnownFileType = sourcecode.swift; path = QuotesDetailProtocol.swift; sourceTree = "<group>"; };
		DC4B37F0264E5A980050E3A1 /* QuotesDetailPresenter.swift */ = {isa = PBXFileReference; lastKnownFileType = sourcecode.swift; path = QuotesDetailPresenter.swift; sourceTree = "<group>"; };
		DC4B37F2264E5AAB0050E3A1 /* QuotedDetailInteractor.swift */ = {isa = PBXFileReference; lastKnownFileType = sourcecode.swift; path = QuotedDetailInteractor.swift; sourceTree = "<group>"; };
		DC4B37F4264E5ABA0050E3A1 /* QuotesDetailViewController.swift */ = {isa = PBXFileReference; lastKnownFileType = sourcecode.swift; path = QuotesDetailViewController.swift; sourceTree = "<group>"; };
		DC4B37F6264E5AC90050E3A1 /* QuoteDetailRouter.swift */ = {isa = PBXFileReference; lastKnownFileType = sourcecode.swift; path = QuoteDetailRouter.swift; sourceTree = "<group>"; };
		DC4B37F8264E9E220050E3A1 /* ImageService.swift */ = {isa = PBXFileReference; lastKnownFileType = sourcecode.swift; path = ImageService.swift; sourceTree = "<group>"; };
		DC5748FC264D6BA0008CBCC7 /* QuotesRouter.swift */ = {isa = PBXFileReference; lastKnownFileType = sourcecode.swift; path = QuotesRouter.swift; sourceTree = "<group>"; };
		DC5748FE264D703F008CBCC7 /* QuotesPresenter.swift */ = {isa = PBXFileReference; lastKnownFileType = sourcecode.swift; path = QuotesPresenter.swift; sourceTree = "<group>"; };
		DC574900264D704D008CBCC7 /* QuotesInteractor.swift */ = {isa = PBXFileReference; lastKnownFileType = sourcecode.swift; path = QuotesInteractor.swift; sourceTree = "<group>"; };
		DC574904264D7196008CBCC7 /* QuoteService.swift */ = {isa = PBXFileReference; lastKnownFileType = sourcecode.swift; path = QuoteService.swift; sourceTree = "<group>"; };
		DC574907264D71D5008CBCC7 /* APIManager.swift */ = {isa = PBXFileReference; lastKnownFileType = sourcecode.swift; path = APIManager.swift; sourceTree = "<group>"; };
		DC574909264D71E4008CBCC7 /* APIClients.swift */ = {isa = PBXFileReference; lastKnownFileType = sourcecode.swift; path = APIClients.swift; sourceTree = "<group>"; };
		DC87A8FF264CCFD300E77E5F /* VIPER.app */ = {isa = PBXFileReference; explicitFileType = wrapper.application; includeInIndex = 0; path = VIPER.app; sourceTree = BUILT_PRODUCTS_DIR; };
		DC87A902264CCFD300E77E5F /* AppDelegate.swift */ = {isa = PBXFileReference; lastKnownFileType = sourcecode.swift; path = AppDelegate.swift; sourceTree = "<group>"; };
		DC87A906264CCFD300E77E5F /* QuotesViewController.swift */ = {isa = PBXFileReference; lastKnownFileType = sourcecode.swift; path = QuotesViewController.swift; sourceTree = "<group>"; };
		DC87A909264CCFD300E77E5F /* Base */ = {isa = PBXFileReference; lastKnownFileType = file.storyboard; name = Base; path = Base.lproj/Main.storyboard; sourceTree = "<group>"; };
		DC87A90B264CCFD500E77E5F /* Assets.xcassets */ = {isa = PBXFileReference; lastKnownFileType = folder.assetcatalog; path = Assets.xcassets; sourceTree = "<group>"; };
		DC87A90E264CCFD500E77E5F /* Base */ = {isa = PBXFileReference; lastKnownFileType = file.storyboard; name = Base; path = Base.lproj/LaunchScreen.storyboard; sourceTree = "<group>"; };
		DC87A910264CCFD500E77E5F /* Info.plist */ = {isa = PBXFileReference; lastKnownFileType = text.plist.xml; path = Info.plist; sourceTree = "<group>"; };
		DC87A915264CCFD500E77E5F /* VIPERTests.xctest */ = {isa = PBXFileReference; explicitFileType = wrapper.cfbundle; includeInIndex = 0; path = VIPERTests.xctest; sourceTree = BUILT_PRODUCTS_DIR; };
		DC87A919264CCFD500E77E5F /* VIPERTests.swift */ = {isa = PBXFileReference; lastKnownFileType = sourcecode.swift; path = VIPERTests.swift; sourceTree = "<group>"; };
		DC87A91B264CCFD500E77E5F /* Info.plist */ = {isa = PBXFileReference; lastKnownFileType = text.plist.xml; path = Info.plist; sourceTree = "<group>"; };
		DC87A920264CCFD500E77E5F /* VIPERUITests.xctest */ = {isa = PBXFileReference; explicitFileType = wrapper.cfbundle; includeInIndex = 0; path = VIPERUITests.xctest; sourceTree = BUILT_PRODUCTS_DIR; };
		DC87A924264CCFD500E77E5F /* VIPERUITests.swift */ = {isa = PBXFileReference; lastKnownFileType = sourcecode.swift; path = VIPERUITests.swift; sourceTree = "<group>"; };
		DC87A926264CCFD500E77E5F /* Info.plist */ = {isa = PBXFileReference; lastKnownFileType = text.plist.xml; path = Info.plist; sourceTree = "<group>"; };
		DC87A935264CD2C900E77E5F /* QuotesProtocols.swift */ = {isa = PBXFileReference; lastKnownFileType = sourcecode.swift; path = QuotesProtocols.swift; sourceTree = "<group>"; };
		DC87A937264CD38D00E77E5F /* QuoteEntity.swift */ = {isa = PBXFileReference; lastKnownFileType = sourcecode.swift; path = QuoteEntity.swift; sourceTree = "<group>"; };
/* End PBXFileReference section */

/* Begin PBXFrameworksBuildPhase section */
		DC87A8FC264CCFD300E77E5F /* Frameworks */ = {
			isa = PBXFrameworksBuildPhase;
			buildActionMask = 2147483647;
			files = (
				203BC3578BB8F833A7F06450 /* Pods_VIPER.framework in Frameworks */,
			);
			runOnlyForDeploymentPostprocessing = 0;
		};
		DC87A912264CCFD500E77E5F /* Frameworks */ = {
			isa = PBXFrameworksBuildPhase;
			buildActionMask = 2147483647;
			files = (
			);
			runOnlyForDeploymentPostprocessing = 0;
		};
		DC87A91D264CCFD500E77E5F /* Frameworks */ = {
			isa = PBXFrameworksBuildPhase;
			buildActionMask = 2147483647;
			files = (
			);
			runOnlyForDeploymentPostprocessing = 0;
		};
/* End PBXFrameworksBuildPhase section */

/* Begin PBXGroup section */
		6150CCD3850FED1F92B0E733 /* Frameworks */ = {
			isa = PBXGroup;
			children = (
				2E5474CF998D87699EEC42AC /* Pods_VIPER.framework */,
			);
			name = Frameworks;
			sourceTree = "<group>";
		};
		DC574902264D7185008CBCC7 /* Common */ = {
			isa = PBXGroup;
			children = (
				DC574906264D71CB008CBCC7 /* Managers */,
				DC574903264D718B008CBCC7 /* Services */,
			);
			path = Common;
			sourceTree = "<group>";
		};
		DC574903264D718B008CBCC7 /* Services */ = {
			isa = PBXGroup;
			children = (
				DC574904264D7196008CBCC7 /* QuoteService.swift */,
				DC4B37F8264E9E220050E3A1 /* ImageService.swift */,
			);
			path = Services;
			sourceTree = "<group>";
		};
		DC574906264D71CB008CBCC7 /* Managers */ = {
			isa = PBXGroup;
			children = (
				DC574907264D71D5008CBCC7 /* APIManager.swift */,
				DC574909264D71E4008CBCC7 /* APIClients.swift */,
			);
			path = Managers;
			sourceTree = "<group>";
		};
		DC87A8F6264CCFD300E77E5F = {
			isa = PBXGroup;
			children = (
				DC87A901264CCFD300E77E5F /* VIPER */,
				DC87A918264CCFD500E77E5F /* VIPERTests */,
				DC87A923264CCFD500E77E5F /* VIPERUITests */,
				DC87A900264CCFD300E77E5F /* Products */,
				FDE0C0091183CDC321EED712 /* Pods */,
				6150CCD3850FED1F92B0E733 /* Frameworks */,
			);
			sourceTree = "<group>";
		};
		DC87A900264CCFD300E77E5F /* Products */ = {
			isa = PBXGroup;
			children = (
				DC87A8FF264CCFD300E77E5F /* VIPER.app */,
				DC87A915264CCFD500E77E5F /* VIPERTests.xctest */,
				DC87A920264CCFD500E77E5F /* VIPERUITests.xctest */,
			);
			name = Products;
			sourceTree = "<group>";
		};
		DC87A901264CCFD300E77E5F /* VIPER */ = {
			isa = PBXGroup;
			children = (
				DC87A932264CD1FE00E77E5F /* Modules */,
				DC574902264D7185008CBCC7 /* Common */,
				DC87A908264CCFD300E77E5F /* Main.storyboard */,
				DC87A902264CCFD300E77E5F /* AppDelegate.swift */,
				DC87A90B264CCFD500E77E5F /* Assets.xcassets */,
				DC87A90D264CCFD500E77E5F /* LaunchScreen.storyboard */,
				DC87A910264CCFD500E77E5F /* Info.plist */,
			);
			path = VIPER;
			sourceTree = "<group>";
		};
		DC87A918264CCFD500E77E5F /* VIPERTests */ = {
			isa = PBXGroup;
			children = (
				DC87A919264CCFD500E77E5F /* VIPERTests.swift */,
				DC87A91B264CCFD500E77E5F /* Info.plist */,
			);
			path = VIPERTests;
			sourceTree = "<group>";
		};
		DC87A923264CCFD500E77E5F /* VIPERUITests */ = {
			isa = PBXGroup;
			children = (
				DC87A924264CCFD500E77E5F /* VIPERUITests.swift */,
				DC87A926264CCFD500E77E5F /* Info.plist */,
			);
			path = VIPERUITests;
			sourceTree = "<group>";
		};
		DC87A932264CD1FE00E77E5F /* Modules */ = {
			isa = PBXGroup;
			children = (
				DC87A933264CD20A00E77E5F /* Quotes */,
				DC87A934264CD21100E77E5F /* QuotesDetails */,
			);
			path = Modules;
			sourceTree = "<group>";
		};
		DC87A933264CD20A00E77E5F /* Quotes */ = {
			isa = PBXGroup;
			children = (
				DC87A906264CCFD300E77E5F /* QuotesViewController.swift */,
				DC87A935264CD2C900E77E5F /* QuotesProtocols.swift */,
				DC87A937264CD38D00E77E5F /* QuoteEntity.swift */,
				DC5748FC264D6BA0008CBCC7 /* QuotesRouter.swift */,
				DC5748FE264D703F008CBCC7 /* QuotesPresenter.swift */,
				DC574900264D704D008CBCC7 /* QuotesInteractor.swift */,
			);
			path = Quotes;
			sourceTree = "<group>";
		};
		DC87A934264CD21100E77E5F /* QuotesDetails */ = {
			isa = PBXGroup;
			children = (
				DC4B37EE264E59990050E3A1 /* QuotesDetailProtocol.swift */,
				DC4B37F0264E5A980050E3A1 /* QuotesDetailPresenter.swift */,
				DC4B37F2264E5AAB0050E3A1 /* QuotedDetailInteractor.swift */,
				DC4B37F4264E5ABA0050E3A1 /* QuotesDetailViewController.swift */,
				DC4B37F6264E5AC90050E3A1 /* QuoteDetailRouter.swift */,
			);
			path = QuotesDetails;
			sourceTree = "<group>";
		};
		FDE0C0091183CDC321EED712 /* Pods */ = {
			isa = PBXGroup;
			children = (
				4601219F5E88157715BDB8CA /* Pods-VIPER.debug.xcconfig */,
				3AA23679191F64AC4BE59CA1 /* Pods-VIPER.release.xcconfig */,
			);
			path = Pods;
			sourceTree = "<group>";
		};
/* End PBXGroup section */

/* Begin PBXNativeTarget section */
		DC87A8FE264CCFD300E77E5F /* VIPER */ = {
			isa = PBXNativeTarget;
			buildConfigurationList = DC87A929264CCFD500E77E5F /* Build configuration list for PBXNativeTarget "VIPER" */;
			buildPhases = (
				82AA4AFCA6C2324B1A6F9CDF /* [CP] Check Pods Manifest.lock */,
				DC87A8FB264CCFD300E77E5F /* Sources */,
				DC87A8FC264CCFD300E77E5F /* Frameworks */,
				DC87A8FD264CCFD300E77E5F /* Resources */,
				7685F99EDD1D9F08E3F7C47D /* [CP] Embed Pods Frameworks */,
			);
			buildRules = (
			);
			dependencies = (
			);
			name = VIPER;
			productName = VIPER;
			productReference = DC87A8FF264CCFD300E77E5F /* VIPER.app */;
			productType = "com.apple.product-type.application";
		};
		DC87A914264CCFD500E77E5F /* VIPERTests */ = {
			isa = PBXNativeTarget;
			buildConfigurationList = DC87A92C264CCFD500E77E5F /* Build configuration list for PBXNativeTarget "VIPERTests" */;
			buildPhases = (
				DC87A911264CCFD500E77E5F /* Sources */,
				DC87A912264CCFD500E77E5F /* Frameworks */,
				DC87A913264CCFD500E77E5F /* Resources */,
			);
			buildRules = (
			);
			dependencies = (
				DC87A917264CCFD500E77E5F /* PBXTargetDependency */,
			);
			name = VIPERTests;
			productName = VIPERTests;
			productReference = DC87A915264CCFD500E77E5F /* VIPERTests.xctest */;
			productType = "com.apple.product-type.bundle.unit-test";
		};
		DC87A91F264CCFD500E77E5F /* VIPERUITests */ = {
			isa = PBXNativeTarget;
			buildConfigurationList = DC87A92F264CCFD500E77E5F /* Build configuration list for PBXNativeTarget "VIPERUITests" */;
			buildPhases = (
				DC87A91C264CCFD500E77E5F /* Sources */,
				DC87A91D264CCFD500E77E5F /* Frameworks */,
				DC87A91E264CCFD500E77E5F /* Resources */,
			);
			buildRules = (
			);
			dependencies = (
				DC87A922264CCFD500E77E5F /* PBXTargetDependency */,
			);
			name = VIPERUITests;
			productName = VIPERUITests;
			productReference = DC87A920264CCFD500E77E5F /* VIPERUITests.xctest */;
			productType = "com.apple.product-type.bundle.ui-testing";
		};
/* End PBXNativeTarget section */

/* Begin PBXProject section */
		DC87A8F7264CCFD300E77E5F /* Project object */ = {
			isa = PBXProject;
			attributes = {
				LastSwiftUpdateCheck = 1250;
				LastUpgradeCheck = 1250;
				TargetAttributes = {
					DC87A8FE264CCFD300E77E5F = {
						CreatedOnToolsVersion = 12.5;
					};
					DC87A914264CCFD500E77E5F = {
						CreatedOnToolsVersion = 12.5;
						TestTargetID = DC87A8FE264CCFD300E77E5F;
					};
					DC87A91F264CCFD500E77E5F = {
						CreatedOnToolsVersion = 12.5;
						TestTargetID = DC87A8FE264CCFD300E77E5F;
					};
				};
			};
			buildConfigurationList = DC87A8FA264CCFD300E77E5F /* Build configuration list for PBXProject "VIPER" */;
			compatibilityVersion = "Xcode 9.3";
			developmentRegion = en;
			hasScannedForEncodings = 0;
			knownRegions = (
				en,
				Base,
			);
			mainGroup = DC87A8F6264CCFD300E77E5F;
			productRefGroup = DC87A900264CCFD300E77E5F /* Products */;
			projectDirPath = "";
			projectRoot = "";
			targets = (
				DC87A8FE264CCFD300E77E5F /* VIPER */,
				DC87A914264CCFD500E77E5F /* VIPERTests */,
				DC87A91F264CCFD500E77E5F /* VIPERUITests */,
			);
		};
/* End PBXProject section */

/* Begin PBXResourcesBuildPhase section */
		DC87A8FD264CCFD300E77E5F /* Resources */ = {
			isa = PBXResourcesBuildPhase;
			buildActionMask = 2147483647;
			files = (
				DC87A90F264CCFD500E77E5F /* LaunchScreen.storyboard in Resources */,
				DC87A90C264CCFD500E77E5F /* Assets.xcassets in Resources */,
				DC87A90A264CCFD300E77E5F /* Main.storyboard in Resources */,
			);
			runOnlyForDeploymentPostprocessing = 0;
		};
		DC87A913264CCFD500E77E5F /* Resources */ = {
			isa = PBXResourcesBuildPhase;
			buildActionMask = 2147483647;
			files = (
			);
			runOnlyForDeploymentPostprocessing = 0;
		};
		DC87A91E264CCFD500E77E5F /* Resources */ = {
			isa = PBXResourcesBuildPhase;
			buildActionMask = 2147483647;
			files = (
			);
			runOnlyForDeploymentPostprocessing = 0;
		};
/* End PBXResourcesBuildPhase section */

/* Begin PBXShellScriptBuildPhase section */
		7685F99EDD1D9F08E3F7C47D /* [CP] Embed Pods Frameworks */ = {
			isa = PBXShellScriptBuildPhase;
			buildActionMask = 2147483647;
			files = (
			);
			inputFileListPaths = (
				"${PODS_ROOT}/Target Support Files/Pods-VIPER/Pods-VIPER-frameworks-${CONFIGURATION}-input-files.xcfilelist",
			);
			name = "[CP] Embed Pods Frameworks";
			outputFileListPaths = (
				"${PODS_ROOT}/Target Support Files/Pods-VIPER/Pods-VIPER-frameworks-${CONFIGURATION}-output-files.xcfilelist",
			);
			runOnlyForDeploymentPostprocessing = 0;
			shellPath = /bin/sh;
			shellScript = "\"${PODS_ROOT}/Target Support Files/Pods-VIPER/Pods-VIPER-frameworks.sh\"\n";
			showEnvVarsInLog = 0;
		};
		82AA4AFCA6C2324B1A6F9CDF /* [CP] Check Pods Manifest.lock */ = {
			isa = PBXShellScriptBuildPhase;
			buildActionMask = 2147483647;
			files = (
			);
			inputFileListPaths = (
			);
			inputPaths = (
				"${PODS_PODFILE_DIR_PATH}/Podfile.lock",
				"${PODS_ROOT}/Manifest.lock",
			);
			name = "[CP] Check Pods Manifest.lock";
			outputFileListPaths = (
			);
			outputPaths = (
				"$(DERIVED_FILE_DIR)/Pods-VIPER-checkManifestLockResult.txt",
			);
			runOnlyForDeploymentPostprocessing = 0;
			shellPath = /bin/sh;
			shellScript = "diff \"${PODS_PODFILE_DIR_PATH}/Podfile.lock\" \"${PODS_ROOT}/Manifest.lock\" > /dev/null\nif [ $? != 0 ] ; then\n    # print error to STDERR\n    echo \"error: The sandbox is not in sync with the Podfile.lock. Run 'pod install' or update your CocoaPods installation.\" >&2\n    exit 1\nfi\n# This output is used by Xcode 'outputs' to avoid re-running this script phase.\necho \"SUCCESS\" > \"${SCRIPT_OUTPUT_FILE_0}\"\n";
			showEnvVarsInLog = 0;
		};
/* End PBXShellScriptBuildPhase section */

/* Begin PBXSourcesBuildPhase section */
		DC87A8FB264CCFD300E77E5F /* Sources */ = {
			isa = PBXSourcesBuildPhase;
			buildActionMask = 2147483647;
			files = (
				DC87A907264CCFD300E77E5F /* QuotesViewController.swift in Sources */,
				DC4B37F9264E9E220050E3A1 /* ImageService.swift in Sources */,
				DC87A903264CCFD300E77E5F /* AppDelegate.swift in Sources */,
				DC87A936264CD2C900E77E5F /* QuotesProtocols.swift in Sources */,
				DC574908264D71D5008CBCC7 /* APIManager.swift in Sources */,
				DC574901264D704D008CBCC7 /* QuotesInteractor.swift in Sources */,
				DC4B37F3264E5AAB0050E3A1 /* QuotedDetailInteractor.swift in Sources */,
				DC4B37EF264E59990050E3A1 /* QuotesDetailProtocol.swift in Sources */,
				DC4B37F1264E5A980050E3A1 /* QuotesDetailPresenter.swift in Sources */,
				DC4B37F5264E5ABA0050E3A1 /* QuotesDetailViewController.swift in Sources */,
				DC574905264D7196008CBCC7 /* QuoteService.swift in Sources */,
				DC5748FF264D703F008CBCC7 /* QuotesPresenter.swift in Sources */,
				DC57490A264D71E4008CBCC7 /* APIClients.swift in Sources */,
				DC4B37F7264E5AC90050E3A1 /* QuoteDetailRouter.swift in Sources */,
				DC87A938264CD38D00E77E5F /* QuoteEntity.swift in Sources */,
				DC5748FD264D6BA0008CBCC7 /* QuotesRouter.swift in Sources */,
			);
			runOnlyForDeploymentPostprocessing = 0;
		};
		DC87A911264CCFD500E77E5F /* Sources */ = {
			isa = PBXSourcesBuildPhase;
			buildActionMask = 2147483647;
			files = (
				DC87A91A264CCFD500E77E5F /* VIPERTests.swift in Sources */,
			);
			runOnlyForDeploymentPostprocessing = 0;
		};
		DC87A91C264CCFD500E77E5F /* Sources */ = {
			isa = PBXSourcesBuildPhase;
			buildActionMask = 2147483647;
			files = (
				DC87A925264CCFD500E77E5F /* VIPERUITests.swift in Sources */,
			);
			runOnlyForDeploymentPostprocessing = 0;
		};
/* End PBXSourcesBuildPhase section */

/* Begin PBXTargetDependency section */
		DC87A917264CCFD500E77E5F /* PBXTargetDependency */ = {
			isa = PBXTargetDependency;
			target = DC87A8FE264CCFD300E77E5F /* VIPER */;
			targetProxy = DC87A916264CCFD500E77E5F /* PBXContainerItemProxy */;
		};
		DC87A922264CCFD500E77E5F /* PBXTargetDependency */ = {
			isa = PBXTargetDependency;
			target = DC87A8FE264CCFD300E77E5F /* VIPER */;
			targetProxy = DC87A921264CCFD500E77E5F /* PBXContainerItemProxy */;
		};
/* End PBXTargetDependency section */

/* Begin PBXVariantGroup section */
		DC87A908264CCFD300E77E5F /* Main.storyboard */ = {
			isa = PBXVariantGroup;
			children = (
				DC87A909264CCFD300E77E5F /* Base */,
			);
			name = Main.storyboard;
			sourceTree = "<group>";
		};
		DC87A90D264CCFD500E77E5F /* LaunchScreen.storyboard */ = {
			isa = PBXVariantGroup;
			children = (
				DC87A90E264CCFD500E77E5F /* Base */,
			);
			name = LaunchScreen.storyboard;
			sourceTree = "<group>";
		};
/* End PBXVariantGroup section */

/* Begin XCBuildConfiguration section */
		DC87A927264CCFD500E77E5F /* Debug */ = {
			isa = XCBuildConfiguration;
			buildSettings = {
				ALWAYS_SEARCH_USER_PATHS = NO;
				CLANG_ANALYZER_NONNULL = YES;
				CLANG_ANALYZER_NUMBER_OBJECT_CONVERSION = YES_AGGRESSIVE;
				CLANG_CXX_LANGUAGE_STANDARD = "gnu++14";
				CLANG_CXX_LIBRARY = "libc++";
				CLANG_ENABLE_MODULES = YES;
				CLANG_ENABLE_OBJC_ARC = YES;
				CLANG_ENABLE_OBJC_WEAK = YES;
				CLANG_WARN_BLOCK_CAPTURE_AUTORELEASING = YES;
				CLANG_WARN_BOOL_CONVERSION = YES;
				CLANG_WARN_COMMA = YES;
				CLANG_WARN_CONSTANT_CONVERSION = YES;
				CLANG_WARN_DEPRECATED_OBJC_IMPLEMENTATIONS = YES;
				CLANG_WARN_DIRECT_OBJC_ISA_USAGE = YES_ERROR;
				CLANG_WARN_DOCUMENTATION_COMMENTS = YES;
				CLANG_WARN_EMPTY_BODY = YES;
				CLANG_WARN_ENUM_CONVERSION = YES;
				CLANG_WARN_INFINITE_RECURSION = YES;
				CLANG_WARN_INT_CONVERSION = YES;
				CLANG_WARN_NON_LITERAL_NULL_CONVERSION = YES;
				CLANG_WARN_OBJC_IMPLICIT_RETAIN_SELF = YES;
				CLANG_WARN_OBJC_LITERAL_CONVERSION = YES;
				CLANG_WARN_OBJC_ROOT_CLASS = YES_ERROR;
				CLANG_WARN_QUOTED_INCLUDE_IN_FRAMEWORK_HEADER = YES;
				CLANG_WARN_RANGE_LOOP_ANALYSIS = YES;
				CLANG_WARN_STRICT_PROTOTYPES = YES;
				CLANG_WARN_SUSPICIOUS_MOVE = YES;
				CLANG_WARN_UNGUARDED_AVAILABILITY = YES_AGGRESSIVE;
				CLANG_WARN_UNREACHABLE_CODE = YES;
				CLANG_WARN__DUPLICATE_METHOD_MATCH = YES;
				COPY_PHASE_STRIP = NO;
				DEBUG_INFORMATION_FORMAT = dwarf;
				ENABLE_STRICT_OBJC_MSGSEND = YES;
				ENABLE_TESTABILITY = YES;
				GCC_C_LANGUAGE_STANDARD = gnu11;
				GCC_DYNAMIC_NO_PIC = NO;
				GCC_NO_COMMON_BLOCKS = YES;
				GCC_OPTIMIZATION_LEVEL = 0;
				GCC_PREPROCESSOR_DEFINITIONS = (
					"DEBUG=1",
					"$(inherited)",
				);
				GCC_WARN_64_TO_32_BIT_CONVERSION = YES;
				GCC_WARN_ABOUT_RETURN_TYPE = YES_ERROR;
				GCC_WARN_UNDECLARED_SELECTOR = YES;
				GCC_WARN_UNINITIALIZED_AUTOS = YES_AGGRESSIVE;
				GCC_WARN_UNUSED_FUNCTION = YES;
				GCC_WARN_UNUSED_VARIABLE = YES;
				IPHONEOS_DEPLOYMENT_TARGET = 14.5;
				MTL_ENABLE_DEBUG_INFO = INCLUDE_SOURCE;
				MTL_FAST_MATH = YES;
				ONLY_ACTIVE_ARCH = YES;
				SDKROOT = iphoneos;
				SWIFT_ACTIVE_COMPILATION_CONDITIONS = DEBUG;
				SWIFT_OPTIMIZATION_LEVEL = "-Onone";
			};
			name = Debug;
		};
		DC87A928264CCFD500E77E5F /* Release */ = {
			isa = XCBuildConfiguration;
			buildSettings = {
				ALWAYS_SEARCH_USER_PATHS = NO;
				CLANG_ANALYZER_NONNULL = YES;
				CLANG_ANALYZER_NUMBER_OBJECT_CONVERSION = YES_AGGRESSIVE;
				CLANG_CXX_LANGUAGE_STANDARD = "gnu++14";
				CLANG_CXX_LIBRARY = "libc++";
				CLANG_ENABLE_MODULES = YES;
				CLANG_ENABLE_OBJC_ARC = YES;
				CLANG_ENABLE_OBJC_WEAK = YES;
				CLANG_WARN_BLOCK_CAPTURE_AUTORELEASING = YES;
				CLANG_WARN_BOOL_CONVERSION = YES;
				CLANG_WARN_COMMA = YES;
				CLANG_WARN_CONSTANT_CONVERSION = YES;
				CLANG_WARN_DEPRECATED_OBJC_IMPLEMENTATIONS = YES;
				CLANG_WARN_DIRECT_OBJC_ISA_USAGE = YES_ERROR;
				CLANG_WARN_DOCUMENTATION_COMMENTS = YES;
				CLANG_WARN_EMPTY_BODY = YES;
				CLANG_WARN_ENUM_CONVERSION = YES;
				CLANG_WARN_INFINITE_RECURSION = YES;
				CLANG_WARN_INT_CONVERSION = YES;
				CLANG_WARN_NON_LITERAL_NULL_CONVERSION = YES;
				CLANG_WARN_OBJC_IMPLICIT_RETAIN_SELF = YES;
				CLANG_WARN_OBJC_LITERAL_CONVERSION = YES;
				CLANG_WARN_OBJC_ROOT_CLASS = YES_ERROR;
				CLANG_WARN_QUOTED_INCLUDE_IN_FRAMEWORK_HEADER = YES;
				CLANG_WARN_RANGE_LOOP_ANALYSIS = YES;
				CLANG_WARN_STRICT_PROTOTYPES = YES;
				CLANG_WARN_SUSPICIOUS_MOVE = YES;
				CLANG_WARN_UNGUARDED_AVAILABILITY = YES_AGGRESSIVE;
				CLANG_WARN_UNREACHABLE_CODE = YES;
				CLANG_WARN__DUPLICATE_METHOD_MATCH = YES;
				COPY_PHASE_STRIP = NO;
				DEBUG_INFORMATION_FORMAT = "dwarf-with-dsym";
				ENABLE_NS_ASSERTIONS = NO;
				ENABLE_STRICT_OBJC_MSGSEND = YES;
				GCC_C_LANGUAGE_STANDARD = gnu11;
				GCC_NO_COMMON_BLOCKS = YES;
				GCC_WARN_64_TO_32_BIT_CONVERSION = YES;
				GCC_WARN_ABOUT_RETURN_TYPE = YES_ERROR;
				GCC_WARN_UNDECLARED_SELECTOR = YES;
				GCC_WARN_UNINITIALIZED_AUTOS = YES_AGGRESSIVE;
				GCC_WARN_UNUSED_FUNCTION = YES;
				GCC_WARN_UNUSED_VARIABLE = YES;
				IPHONEOS_DEPLOYMENT_TARGET = 14.5;
				MTL_ENABLE_DEBUG_INFO = NO;
				MTL_FAST_MATH = YES;
				SDKROOT = iphoneos;
				SWIFT_COMPILATION_MODE = wholemodule;
				SWIFT_OPTIMIZATION_LEVEL = "-O";
				VALIDATE_PRODUCT = YES;
			};
			name = Release;
		};
		DC87A92A264CCFD500E77E5F /* Debug */ = {
			isa = XCBuildConfiguration;
			baseConfigurationReference = 4601219F5E88157715BDB8CA /* Pods-VIPER.debug.xcconfig */;
			buildSettings = {
				ASSETCATALOG_COMPILER_APPICON_NAME = AppIcon;
				ASSETCATALOG_COMPILER_GLOBAL_ACCENT_COLOR_NAME = AccentColor;
				CODE_SIGN_STYLE = Automatic;
				DEVELOPMENT_TEAM = E24U54RDT5;
				INFOPLIST_FILE = VIPER/Info.plist;
				LD_RUNPATH_SEARCH_PATHS = (
					"$(inherited)",
					"@executable_path/Frameworks",
				);
				PRODUCT_BUNDLE_IDENTIFIER = com.uisameer.VIPER;
				PRODUCT_NAME = "$(TARGET_NAME)";
				SWIFT_VERSION = 5.0;
				TARGETED_DEVICE_FAMILY = "1,2";
			};
			name = Debug;
		};
		DC87A92B264CCFD500E77E5F /* Release */ = {
			isa = XCBuildConfiguration;
			baseConfigurationReference = 3AA23679191F64AC4BE59CA1 /* Pods-VIPER.release.xcconfig */;
			buildSettings = {
				ASSETCATALOG_COMPILER_APPICON_NAME = AppIcon;
				ASSETCATALOG_COMPILER_GLOBAL_ACCENT_COLOR_NAME = AccentColor;
				CODE_SIGN_STYLE = Automatic;
				DEVELOPMENT_TEAM = E24U54RDT5;
				INFOPLIST_FILE = VIPER/Info.plist;
				LD_RUNPATH_SEARCH_PATHS = (
					"$(inherited)",
					"@executable_path/Frameworks",
				);
				PRODUCT_BUNDLE_IDENTIFIER = com.uisameer.VIPER;
				PRODUCT_NAME = "$(TARGET_NAME)";
				SWIFT_VERSION = 5.0;
				TARGETED_DEVICE_FAMILY = "1,2";
			};
			name = Release;
		};
		DC87A92D264CCFD500E77E5F /* Debug */ = {
			isa = XCBuildConfiguration;
			buildSettings = {
				ALWAYS_EMBED_SWIFT_STANDARD_LIBRARIES = YES;
				BUNDLE_LOADER = "$(TEST_HOST)";
				CODE_SIGN_STYLE = Automatic;
				DEVELOPMENT_TEAM = E24U54RDT5;
				INFOPLIST_FILE = VIPERTests/Info.plist;
				IPHONEOS_DEPLOYMENT_TARGET = 14.5;
				LD_RUNPATH_SEARCH_PATHS = (
					"$(inherited)",
					"@executable_path/Frameworks",
					"@loader_path/Frameworks",
				);
				PRODUCT_BUNDLE_IDENTIFIER = com.uisameer.VIPERTests;
				PRODUCT_NAME = "$(TARGET_NAME)";
				SWIFT_VERSION = 5.0;
				TARGETED_DEVICE_FAMILY = "1,2";
				TEST_HOST = "$(BUILT_PRODUCTS_DIR)/VIPER.app/VIPER";
			};
			name = Debug;
		};
		DC87A92E264CCFD500E77E5F /* Release */ = {
			isa = XCBuildConfiguration;
			buildSettings = {
				ALWAYS_EMBED_SWIFT_STANDARD_LIBRARIES = YES;
				BUNDLE_LOADER = "$(TEST_HOST)";
				CODE_SIGN_STYLE = Automatic;
				DEVELOPMENT_TEAM = E24U54RDT5;
				INFOPLIST_FILE = VIPERTests/Info.plist;
				IPHONEOS_DEPLOYMENT_TARGET = 14.5;
				LD_RUNPATH_SEARCH_PATHS = (
					"$(inherited)",
					"@executable_path/Frameworks",
					"@loader_path/Frameworks",
				);
				PRODUCT_BUNDLE_IDENTIFIER = com.uisameer.VIPERTests;
				PRODUCT_NAME = "$(TARGET_NAME)";
				SWIFT_VERSION = 5.0;
				TARGETED_DEVICE_FAMILY = "1,2";
				TEST_HOST = "$(BUILT_PRODUCTS_DIR)/VIPER.app/VIPER";
			};
			name = Release;
		};
		DC87A930264CCFD500E77E5F /* Debug */ = {
			isa = XCBuildConfiguration;
			buildSettings = {
				ALWAYS_EMBED_SWIFT_STANDARD_LIBRARIES = YES;
				CODE_SIGN_STYLE = Automatic;
				DEVELOPMENT_TEAM = E24U54RDT5;
				INFOPLIST_FILE = VIPERUITests/Info.plist;
				LD_RUNPATH_SEARCH_PATHS = (
					"$(inherited)",
					"@executable_path/Frameworks",
					"@loader_path/Frameworks",
				);
				PRODUCT_BUNDLE_IDENTIFIER = com.uisameer.VIPERUITests;
				PRODUCT_NAME = "$(TARGET_NAME)";
				SWIFT_VERSION = 5.0;
				TARGETED_DEVICE_FAMILY = "1,2";
				TEST_TARGET_NAME = VIPER;
			};
			name = Debug;
		};
		DC87A931264CCFD500E77E5F /* Release */ = {
			isa = XCBuildConfiguration;
			buildSettings = {
				ALWAYS_EMBED_SWIFT_STANDARD_LIBRARIES = YES;
				CODE_SIGN_STYLE = Automatic;
				DEVELOPMENT_TEAM = E24U54RDT5;
				INFOPLIST_FILE = VIPERUITests/Info.plist;
				LD_RUNPATH_SEARCH_PATHS = (
					"$(inherited)",
					"@executable_path/Frameworks",
					"@loader_path/Frameworks",
				);
				PRODUCT_BUNDLE_IDENTIFIER = com.uisameer.VIPERUITests;
				PRODUCT_NAME = "$(TARGET_NAME)";
				SWIFT_VERSION = 5.0;
				TARGETED_DEVICE_FAMILY = "1,2";
				TEST_TARGET_NAME = VIPER;
			};
			name = Release;
		};
/* End XCBuildConfiguration section */

/* Begin XCConfigurationList section */
		DC87A8FA264CCFD300E77E5F /* Build configuration list for PBXProject "VIPER" */ = {
			isa = XCConfigurationList;
			buildConfigurations = (
				DC87A927264CCFD500E77E5F /* Debug */,
				DC87A928264CCFD500E77E5F /* Release */,
			);
			defaultConfigurationIsVisible = 0;
			defaultConfigurationName = Release;
		};
		DC87A929264CCFD500E77E5F /* Build configuration list for PBXNativeTarget "VIPER" */ = {
			isa = XCConfigurationList;
			buildConfigurations = (
				DC87A92A264CCFD500E77E5F /* Debug */,
				DC87A92B264CCFD500E77E5F /* Release */,
			);
			defaultConfigurationIsVisible = 0;
			defaultConfigurationName = Release;
		};
		DC87A92C264CCFD500E77E5F /* Build configuration list for PBXNativeTarget "VIPERTests" */ = {
			isa = XCConfigurationList;
			buildConfigurations = (
				DC87A92D264CCFD500E77E5F /* Debug */,
				DC87A92E264CCFD500E77E5F /* Release */,
			);
			defaultConfigurationIsVisible = 0;
			defaultConfigurationName = Release;
		};
		DC87A92F264CCFD500E77E5F /* Build configuration list for PBXNativeTarget "VIPERUITests" */ = {
			isa = XCConfigurationList;
			buildConfigurations = (
				DC87A930264CCFD500E77E5F /* Debug */,
				DC87A931264CCFD500E77E5F /* Release */,
			);
			defaultConfigurationIsVisible = 0;
			defaultConfigurationName = Release;
		};
/* End XCConfigurationList section */
	};
	rootObject = DC87A8F7264CCFD300E77E5F /* Project object */;
}
